
Microsoft Visual Studio Solution File, Format Version 12.00
# Visual Studio 15
VisualStudioVersion = 15.0.28307.779
MinimumVisualStudioVersion = 10.0.40219.1
Project("{FAE04EC0-301F-11D3-BF4B-00C04F79EFBC}") = "Homework10", "Homework10\Homework10.csproj", "{8E6CABE5-097B-47F3-9EFD-4E2FB50AA7C7}"
EndProject
Global
	GlobalSection(SolutionConfigurationPlatforms) = preSolution
		Debug|Any CPU = Debug|Any CPU
		Release|Any CPU = Release|Any CPU
	EndGlobalSection
	GlobalSection(ProjectConfigurationPlatforms) = postSolution
		{8E6CABE5-097B-47F3-9EFD-4E2FB50AA7C7}.Debug|Any CPU.ActiveCfg = Debug|Any CPU
		{8E6CABE5-097B-47F3-9EFD-4E2FB50AA7C7}.Debug|Any CPU.Build.0 = Debug|Any CPU
		{8E6CABE5-097B-47F3-9EFD-4E2FB50AA7C7}.Release|Any CPU.ActiveCfg = Release|Any CPU
		{8E6CABE5-097B-47F3-9EFD-4E2FB50AA7C7}.Release|Any CPU.Build.0 = Release|Any CPU
	EndGlobalSection
	GlobalSection(SolutionProperties) = preSolution
		HideSolutionNode = FALSE
	EndGlobalSection
	GlobalSection(ExtensibilityGlobals) = postSolution
		SolutionGuid = {DB4A3FFC-3917-496A-89F9-78C61C44B9C6}
	EndGlobalSection
EndGlobal
