
Microsoft Visual Studio Solution File, Format Version 12.00
# Visual Studio 15
VisualStudioVersion = 15.0.28307.779
MinimumVisualStudioVersion = 10.0.40219.1
Project("{FAE04EC0-301F-11D3-BF4B-00C04F79EFBC}") = "Homework15", "Homework15\Homework15.csproj", "{19EA595E-7BBF-48EE-840D-BA711EDE2364}"
EndProject
Global
	GlobalSection(SolutionConfigurationPlatforms) = preSolution
		Debug|Any CPU = Debug|Any CPU
		Release|Any CPU = Release|Any CPU
	EndGlobalSection
	GlobalSection(ProjectConfigurationPlatforms) = postSolution
		{19EA595E-7BBF-48EE-840D-BA711EDE2364}.Debug|Any CPU.ActiveCfg = Debug|Any CPU
		{19EA595E-7BBF-48EE-840D-BA711EDE2364}.Debug|Any CPU.Build.0 = Debug|Any CPU
		{19EA595E-7BBF-48EE-840D-BA711EDE2364}.Release|Any CPU.ActiveCfg = Release|Any CPU
		{19EA595E-7BBF-48EE-840D-BA711EDE2364}.Release|Any CPU.Build.0 = Release|Any CPU
	EndGlobalSection
	GlobalSection(SolutionProperties) = preSolution
		HideSolutionNode = FALSE
	EndGlobalSection
	GlobalSection(ExtensibilityGlobals) = postSolution
		SolutionGuid = {E56E4818-A8A3-4FEA-9A06-6F38D25706D4}
	EndGlobalSection
EndGlobal
